// !$*UTF8*$!
{
	archiveVersion = 1;
	classes = {
	};
	objectVersion = 50;
	objects = {

/* Begin PBXBuildFile section */
		FF291B9A2522765F00637BAA /* Books.plist in Resources */ = {isa = PBXBuildFile; fileRef = FF291B992522765F00637BAA /* Books.plist */; };
		FF2FFB6C251BA17100156DF7 /* AppDelegate.swift in Sources */ = {isa = PBXBuildFile; fileRef = FF2FFB6B251BA17100156DF7 /* AppDelegate.swift */; };
		FF2FFB6E251BA17100156DF7 /* SceneDelegate.swift in Sources */ = {isa = PBXBuildFile; fileRef = FF2FFB6D251BA17100156DF7 /* SceneDelegate.swift */; };
		FF2FFB73251BA17100156DF7 /* Main.storyboard in Resources */ = {isa = PBXBuildFile; fileRef = FF2FFB71251BA17100156DF7 /* Main.storyboard */; };
		FF2FFB75251BA17100156DF7 /* Assets.xcassets in Resources */ = {isa = PBXBuildFile; fileRef = FF2FFB74251BA17100156DF7 /* Assets.xcassets */; };
		FF2FFB78251BA17100156DF7 /* LaunchScreen.storyboard in Resources */ = {isa = PBXBuildFile; fileRef = FF2FFB76251BA17100156DF7 /* LaunchScreen.storyboard */; };
		FF2FFBA9251BA75800156DF7 /* ServiceManager.swift in Sources */ = {isa = PBXBuildFile; fileRef = FF2FFBA8251BA75800156DF7 /* ServiceManager.swift */; };
		FF2FFBB9251BA7CE00156DF7 /* BookListViewController.swift in Sources */ = {isa = PBXBuildFile; fileRef = FF2FFBAE251BA7CE00156DF7 /* BookListViewController.swift */; };
		FF2FFBBA251BA7CE00156DF7 /* ApiResponse.swift in Sources */ = {isa = PBXBuildFile; fileRef = FF2FFBB0251BA7CE00156DF7 /* ApiResponse.swift */; };
		FF2FFBBB251BA7CE00156DF7 /* BookTableViewCell.swift in Sources */ = {isa = PBXBuildFile; fileRef = FF2FFBB2251BA7CE00156DF7 /* BookTableViewCell.swift */; };
		FF2FFBBC251BA7CE00156DF7 /* BookDetailViewController.swift in Sources */ = {isa = PBXBuildFile; fileRef = FF2FFBB5251BA7CE00156DF7 /* BookDetailViewController.swift */; };
		FF2FFBBD251BA7CE00156DF7 /* BookDetailTableViewCell.swift in Sources */ = {isa = PBXBuildFile; fileRef = FF2FFBB8251BA7CE00156DF7 /* BookDetailTableViewCell.swift */; };
		FF2FFBC2251BADA400156DF7 /* BookListCollectionViewController.swift in Sources */ = {isa = PBXBuildFile; fileRef = FF2FFBC1251BADA400156DF7 /* BookListCollectionViewController.swift */; };
		FF2FFBC6251BADE900156DF7 /* BookCollectionViewCell.swift in Sources */ = {isa = PBXBuildFile; fileRef = FF2FFBC5251BADE900156DF7 /* BookCollectionViewCell.swift */; };
		FF35AB7E252391FC009DA6E2 /* volumeInfo.json in Resources */ = {isa = PBXBuildFile; fileRef = FF35AB7D252391FC009DA6E2 /* volumeInfo.json */; };
		FF35AB81252395A3009DA6E2 /* bookInfo.xml in Resources */ = {isa = PBXBuildFile; fileRef = FF35AB80252395A3009DA6E2 /* bookInfo.xml */; };
/* End PBXBuildFile section */

/* Begin PBXFileReference section */
		FF291B992522765F00637BAA /* Books.plist */ = {isa = PBXFileReference; lastKnownFileType = text.plist.xml; path = Books.plist; sourceTree = "<group>"; };
		FF2FFB68251BA17100156DF7 /* CollectionView_TableView.app */ = {isa = PBXFileReference; explicitFileType = wrapper.application; includeInIndex = 0; path = CollectionView_TableView.app; sourceTree = BUILT_PRODUCTS_DIR; };
		FF2FFB6B251BA17100156DF7 /* AppDelegate.swift */ = {isa = PBXFileReference; lastKnownFileType = sourcecode.swift; path = AppDelegate.swift; sourceTree = "<group>"; };
		FF2FFB6D251BA17100156DF7 /* SceneDelegate.swift */ = {isa = PBXFileReference; lastKnownFileType = sourcecode.swift; path = SceneDelegate.swift; sourceTree = "<group>"; };
		FF2FFB72251BA17100156DF7 /* Base */ = {isa = PBXFileReference; lastKnownFileType = file.storyboard; name = Base; path = Base.lproj/Main.storyboard; sourceTree = "<group>"; };
		FF2FFB74251BA17100156DF7 /* Assets.xcassets */ = {isa = PBXFileReference; lastKnownFileType = folder.assetcatalog; path = Assets.xcassets; sourceTree = "<group>"; };
		FF2FFB77251BA17100156DF7 /* Base */ = {isa = PBXFileReference; lastKnownFileType = file.storyboard; name = Base; path = Base.lproj/LaunchScreen.storyboard; sourceTree = "<group>"; };
		FF2FFB79251BA17100156DF7 /* Info.plist */ = {isa = PBXFileReference; lastKnownFileType = text.plist.xml; path = Info.plist; sourceTree = "<group>"; };
		FF2FFBA8251BA75800156DF7 /* ServiceManager.swift */ = {isa = PBXFileReference; fileEncoding = 4; lastKnownFileType = sourcecode.swift; path = ServiceManager.swift; sourceTree = "<group>"; };
		FF2FFBAE251BA7CE00156DF7 /* BookListViewController.swift */ = {isa = PBXFileReference; fileEncoding = 4; lastKnownFileType = sourcecode.swift; path = BookListViewController.swift; sourceTree = "<group>"; };
		FF2FFBB0251BA7CE00156DF7 /* ApiResponse.swift */ = {isa = PBXFileReference; fileEncoding = 4; lastKnownFileType = sourcecode.swift; path = ApiResponse.swift; sourceTree = "<group>"; };
		FF2FFBB2251BA7CE00156DF7 /* BookTableViewCell.swift */ = {isa = PBXFileReference; fileEncoding = 4; lastKnownFileType = sourcecode.swift; path = BookTableViewCell.swift; sourceTree = "<group>"; };
		FF2FFBB5251BA7CE00156DF7 /* BookDetailViewController.swift */ = {isa = PBXFileReference; fileEncoding = 4; lastKnownFileType = sourcecode.swift; path = BookDetailViewController.swift; sourceTree = "<group>"; };
		FF2FFBB8251BA7CE00156DF7 /* BookDetailTableViewCell.swift */ = {isa = PBXFileReference; fileEncoding = 4; lastKnownFileType = sourcecode.swift; path = BookDetailTableViewCell.swift; sourceTree = "<group>"; };
		FF2FFBC1251BADA400156DF7 /* BookListCollectionViewController.swift */ = {isa = PBXFileReference; lastKnownFileType = sourcecode.swift; path = BookListCollectionViewController.swift; sourceTree = "<group>"; };
		FF2FFBC5251BADE900156DF7 /* BookCollectionViewCell.swift */ = {isa = PBXFileReference; lastKnownFileType = sourcecode.swift; path = BookCollectionViewCell.swift; sourceTree = "<group>"; };
		FF35AB7D252391FC009DA6E2 /* volumeInfo.json */ = {isa = PBXFileReference; fileEncoding = 4; lastKnownFileType = text.json; path = volumeInfo.json; sourceTree = "<group>"; };
		FF35AB80252395A3009DA6E2 /* bookInfo.xml */ = {isa = PBXFileReference; fileEncoding = 4; lastKnownFileType = text.xml; path = bookInfo.xml; sourceTree = "<group>"; };
/* End PBXFileReference section */

/* Begin PBXFrameworksBuildPhase section */
		FF2FFB65251BA17100156DF7 /* Frameworks */ = {
			isa = PBXFrameworksBuildPhase;
			buildActionMask = 2147483647;
			files = (
			);
			runOnlyForDeploymentPostprocessing = 0;
		};
/* End PBXFrameworksBuildPhase section */

/* Begin PBXGroup section */
		049579A32C97EEF43FF582D3 /* Pods */ = {
			isa = PBXGroup;
			children = (
			);
			path = Pods;
			sourceTree = "<group>";
		};
		FF291B982522761200637BAA /* Resources */ = {
			isa = PBXGroup;
			children = (
				FF35AB80252395A3009DA6E2 /* bookInfo.xml */,
				FF35AB7D252391FC009DA6E2 /* volumeInfo.json */,
				FF291B992522765F00637BAA /* Books.plist */,
			);
			path = Resources;
			sourceTree = "<group>";
		};
		FF2FFB5F251BA17100156DF7 = {
			isa = PBXGroup;
			children = (
				FF2FFB6A251BA17100156DF7 /* CollectionView_TableView */,
				FF2FFB69251BA17100156DF7 /* Products */,
				049579A32C97EEF43FF582D3 /* Pods */,
			);
			sourceTree = "<group>";
		};
		FF2FFB69251BA17100156DF7 /* Products */ = {
			isa = PBXGroup;
			children = (
				FF2FFB68251BA17100156DF7 /* CollectionView_TableView.app */,
			);
			name = Products;
			sourceTree = "<group>";
		};
		FF2FFB6A251BA17100156DF7 /* CollectionView_TableView */ = {
			isa = PBXGroup;
			children = (
				FF291B982522761200637BAA /* Resources */,
				FF2FFBA7251BA75800156DF7 /* Network Layer */,
				FF2FFB8B251BA4DA00156DF7 /* Support Files */,
				FF2FFB8A251BA4C600156DF7 /* Storyboards */,
				FF2FFB81251BA45300156DF7 /* Screens */,
				FF2FFB74251BA17100156DF7 /* Assets.xcassets */,
			);
			path = CollectionView_TableView;
			sourceTree = "<group>";
		};
		FF2FFB81251BA45300156DF7 /* Screens */ = {
			isa = PBXGroup;
			children = (
				FF2FFBB3251BA7CE00156DF7 /* Book Details View */,
				FF2FFB83251BA47400156DF7 /* CollectionView */,
				FF2FFB94251BA6A800156DF7 /* TableView */,
			);
			path = Screens;
			sourceTree = "<group>";
		};
		FF2FFB83251BA47400156DF7 /* CollectionView */ = {
			isa = PBXGroup;
			children = (
				FF2FFBC0251BAD6900156DF7 /* BookList */,
			);
			path = CollectionView;
			sourceTree = "<group>";
		};
		FF2FFB87251BA49A00156DF7 /* Controller */ = {
			isa = PBXGroup;
			children = (
				FF2FFBC1251BADA400156DF7 /* BookListCollectionViewController.swift */,
			);
			path = Controller;
			sourceTree = "<group>";
		};
		FF2FFB88251BA49F00156DF7 /* View */ = {
			isa = PBXGroup;
			children = (
				FF2FFBC5251BADE900156DF7 /* BookCollectionViewCell.swift */,
			);
			path = View;
			sourceTree = "<group>";
		};
		FF2FFB89251BA4B100156DF7 /* Model */ = {
			isa = PBXGroup;
			children = (
			);
			path = Model;
			sourceTree = "<group>";
		};
		FF2FFB8A251BA4C600156DF7 /* Storyboards */ = {
			isa = PBXGroup;
			children = (
				FF2FFB71251BA17100156DF7 /* Main.storyboard */,
				FF2FFB76251BA17100156DF7 /* LaunchScreen.storyboard */,
			);
			path = Storyboards;
			sourceTree = "<group>";
		};
		FF2FFB8B251BA4DA00156DF7 /* Support Files */ = {
			isa = PBXGroup;
			children = (
				FF2FFB6B251BA17100156DF7 /* AppDelegate.swift */,
				FF2FFB6D251BA17100156DF7 /* SceneDelegate.swift */,
				FF2FFB79251BA17100156DF7 /* Info.plist */,
			);
			path = "Support Files";
			sourceTree = "<group>";
		};
		FF2FFB94251BA6A800156DF7 /* TableView */ = {
			isa = PBXGroup;
			children = (
				FF2FFBAC251BA7CE00156DF7 /* BookList */,
			);
			path = TableView;
			sourceTree = "<group>";
		};
		FF2FFBA7251BA75800156DF7 /* Network Layer */ = {
			isa = PBXGroup;
			children = (
				FF2FFBA8251BA75800156DF7 /* ServiceManager.swift */,
			);
			path = "Network Layer";
			sourceTree = "<group>";
		};
		FF2FFBAC251BA7CE00156DF7 /* BookList */ = {
			isa = PBXGroup;
			children = (
				FF2FFBAD251BA7CE00156DF7 /* Controller */,
				FF2FFBAF251BA7CE00156DF7 /* Model */,
				FF2FFBB1251BA7CE00156DF7 /* View */,
			);
			path = BookList;
			sourceTree = "<group>";
		};
		FF2FFBAD251BA7CE00156DF7 /* Controller */ = {
			isa = PBXGroup;
			children = (
				FF2FFBAE251BA7CE00156DF7 /* BookListViewController.swift */,
			);
			path = Controller;
			sourceTree = "<group>";
		};
		FF2FFBAF251BA7CE00156DF7 /* Model */ = {
			isa = PBXGroup;
			children = (
				FF2FFBB0251BA7CE00156DF7 /* ApiResponse.swift */,
			);
			path = Model;
			sourceTree = "<group>";
		};
		FF2FFBB1251BA7CE00156DF7 /* View */ = {
			isa = PBXGroup;
			children = (
				FF2FFBB2251BA7CE00156DF7 /* BookTableViewCell.swift */,
			);
			path = View;
			sourceTree = "<group>";
		};
		FF2FFBB3251BA7CE00156DF7 /* Book Details View */ = {
			isa = PBXGroup;
			children = (
				FF2FFBB6251BA7CE00156DF7 /* Model */,
				FF2FFBB7251BA7CE00156DF7 /* View */,
				FF2FFBB4251BA7CE00156DF7 /* Controller */,
			);
			path = "Book Details View";
			sourceTree = "<group>";
		};
		FF2FFBB4251BA7CE00156DF7 /* Controller */ = {
			isa = PBXGroup;
			children = (
				FF2FFBB5251BA7CE00156DF7 /* BookDetailViewController.swift */,
			);
			path = Controller;
			sourceTree = "<group>";
		};
		FF2FFBB6251BA7CE00156DF7 /* Model */ = {
			isa = PBXGroup;
			children = (
			);
			path = Model;
			sourceTree = "<group>";
		};
		FF2FFBB7251BA7CE00156DF7 /* View */ = {
			isa = PBXGroup;
			children = (
				FF2FFBB8251BA7CE00156DF7 /* BookDetailTableViewCell.swift */,
			);
			path = View;
			sourceTree = "<group>";
		};
		FF2FFBC0251BAD6900156DF7 /* BookList */ = {
			isa = PBXGroup;
			children = (
				FF2FFB89251BA4B100156DF7 /* Model */,
				FF2FFB88251BA49F00156DF7 /* View */,
				FF2FFB87251BA49A00156DF7 /* Controller */,
			);
			path = BookList;
			sourceTree = "<group>";
		};
/* End PBXGroup section */

/* Begin PBXNativeTarget section */
		FF2FFB67251BA17100156DF7 /* CollectionView_TableView */ = {
			isa = PBXNativeTarget;
			buildConfigurationList = FF2FFB7C251BA17100156DF7 /* Build configuration list for PBXNativeTarget "CollectionView_TableView" */;
			buildPhases = (
				FF2FFB64251BA17100156DF7 /* Sources */,
				FF2FFB65251BA17100156DF7 /* Frameworks */,
				FF2FFB66251BA17100156DF7 /* Resources */,
				FFEAB03F25268A7E007BF921 /* ShellScript */,
			);
			buildRules = (
			);
			dependencies = (
			);
			name = CollectionView_TableView;
			productName = CollectionView_TableView;
			productReference = FF2FFB68251BA17100156DF7 /* CollectionView_TableView.app */;
			productType = "com.apple.product-type.application";
		};
/* End PBXNativeTarget section */

/* Begin PBXProject section */
		FF2FFB60251BA17100156DF7 /* Project object */ = {
			isa = PBXProject;
			attributes = {
				LastSwiftUpdateCheck = 1200;
				LastUpgradeCheck = 1200;
				TargetAttributes = {
					FF2FFB67251BA17100156DF7 = {
						CreatedOnToolsVersion = 12.0;
					};
				};
			};
			buildConfigurationList = FF2FFB63251BA17100156DF7 /* Build configuration list for PBXProject "CollectionView_TableView" */;
			compatibilityVersion = "Xcode 9.3";
			developmentRegion = en;
			hasScannedForEncodings = 0;
			knownRegions = (
				en,
				Base,
			);
			mainGroup = FF2FFB5F251BA17100156DF7;
			productRefGroup = FF2FFB69251BA17100156DF7 /* Products */;
			projectDirPath = "";
			projectRoot = "";
			targets = (
				FF2FFB67251BA17100156DF7 /* CollectionView_TableView */,
			);
		};
/* End PBXProject section */

/* Begin PBXResourcesBuildPhase section */
		FF2FFB66251BA17100156DF7 /* Resources */ = {
			isa = PBXResourcesBuildPhase;
			buildActionMask = 2147483647;
			files = (
				FF2FFB78251BA17100156DF7 /* LaunchScreen.storyboard in Resources */,
				FF35AB7E252391FC009DA6E2 /* volumeInfo.json in Resources */,
				FF2FFB75251BA17100156DF7 /* Assets.xcassets in Resources */,
				FF2FFB73251BA17100156DF7 /* Main.storyboard in Resources */,
				FF35AB81252395A3009DA6E2 /* bookInfo.xml in Resources */,
				FF291B9A2522765F00637BAA /* Books.plist in Resources */,
			);
			runOnlyForDeploymentPostprocessing = 0;
		};
/* End PBXResourcesBuildPhase section */

/* Begin PBXShellScriptBuildPhase section */
		FFEAB03F25268A7E007BF921 /* ShellScript */ = {
			isa = PBXShellScriptBuildPhase;
			buildActionMask = 2147483647;
			files = (
			);
			inputFileListPaths = (
			);
			inputPaths = (
			);
			outputFileListPaths = (
			);
			outputPaths = (
			);
			runOnlyForDeploymentPostprocessing = 0;
			shellPath = /bin/sh;
			shellScript = "# Type a script or drag a script file from your workspace to insert its path.\nif which swiftlint >/dev/null; then\n  swiftlint\nelse\n  echo \"error: SwiftLint not installed, download from https://github.com/realm/SwiftLint\"\n  exit 1\nfi\n";
		};
/* End PBXShellScriptBuildPhase section */

/* Begin PBXSourcesBuildPhase section */
		FF2FFB64251BA17100156DF7 /* Sources */ = {
			isa = PBXSourcesBuildPhase;
			buildActionMask = 2147483647;
			files = (
				FF2FFB6C251BA17100156DF7 /* AppDelegate.swift in Sources */,
				FF2FFBBD251BA7CE00156DF7 /* BookDetailTableViewCell.swift in Sources */,
				FF2FFBA9251BA75800156DF7 /* ServiceManager.swift in Sources */,
				FF2FFBC6251BADE900156DF7 /* BookCollectionViewCell.swift in Sources */,
				FF2FFBB9251BA7CE00156DF7 /* BookListViewController.swift in Sources */,
				FF2FFBC2251BADA400156DF7 /* BookListCollectionViewController.swift in Sources */,
				FF2FFBBA251BA7CE00156DF7 /* ApiResponse.swift in Sources */,
				FF2FFBBC251BA7CE00156DF7 /* BookDetailViewController.swift in Sources */,
				FF2FFBBB251BA7CE00156DF7 /* BookTableViewCell.swift in Sources */,
				FF2FFB6E251BA17100156DF7 /* SceneDelegate.swift in Sources */,
			);
			runOnlyForDeploymentPostprocessing = 0;
		};
/* End PBXSourcesBuildPhase section */

/* Begin PBXVariantGroup section */
		FF2FFB71251BA17100156DF7 /* Main.storyboard */ = {
			isa = PBXVariantGroup;
			children = (
				FF2FFB72251BA17100156DF7 /* Base */,
			);
			name = Main.storyboard;
			sourceTree = "<group>";
		};
		FF2FFB76251BA17100156DF7 /* LaunchScreen.storyboard */ = {
			isa = PBXVariantGroup;
			children = (
				FF2FFB77251BA17100156DF7 /* Base */,
			);
			name = LaunchScreen.storyboard;
			sourceTree = "<group>";
		};
/* End PBXVariantGroup section */

/* Begin XCBuildConfiguration section */
		FF2FFB7A251BA17100156DF7 /* Debug */ = {
			isa = XCBuildConfiguration;
			buildSettings = {
				ALWAYS_SEARCH_USER_PATHS = NO;
				CLANG_ANALYZER_NONNULL = YES;
				CLANG_ANALYZER_NUMBER_OBJECT_CONVERSION = YES_AGGRESSIVE;
				CLANG_CXX_LANGUAGE_STANDARD = "gnu++14";
				CLANG_CXX_LIBRARY = "libc++";
				CLANG_ENABLE_MODULES = YES;
				CLANG_ENABLE_OBJC_ARC = YES;
				CLANG_ENABLE_OBJC_WEAK = YES;
				CLANG_WARN_BLOCK_CAPTURE_AUTORELEASING = YES;
				CLANG_WARN_BOOL_CONVERSION = YES;
				CLANG_WARN_COMMA = YES;
				CLANG_WARN_CONSTANT_CONVERSION = YES;
				CLANG_WARN_DEPRECATED_OBJC_IMPLEMENTATIONS = YES;
				CLANG_WARN_DIRECT_OBJC_ISA_USAGE = YES_ERROR;
				CLANG_WARN_DOCUMENTATION_COMMENTS = YES;
				CLANG_WARN_EMPTY_BODY = YES;
				CLANG_WARN_ENUM_CONVERSION = YES;
				CLANG_WARN_INFINITE_RECURSION = YES;
				CLANG_WARN_INT_CONVERSION = YES;
				CLANG_WARN_NON_LITERAL_NULL_CONVERSION = YES;
				CLANG_WARN_OBJC_IMPLICIT_RETAIN_SELF = YES;
				CLANG_WARN_OBJC_LITERAL_CONVERSION = YES;
				CLANG_WARN_OBJC_ROOT_CLASS = YES_ERROR;
				CLANG_WARN_QUOTED_INCLUDE_IN_FRAMEWORK_HEADER = YES;
				CLANG_WARN_RANGE_LOOP_ANALYSIS = YES;
				CLANG_WARN_STRICT_PROTOTYPES = YES;
				CLANG_WARN_SUSPICIOUS_MOVE = YES;
				CLANG_WARN_UNGUARDED_AVAILABILITY = YES_AGGRESSIVE;
				CLANG_WARN_UNREACHABLE_CODE = YES;
				CLANG_WARN__DUPLICATE_METHOD_MATCH = YES;
				COPY_PHASE_STRIP = NO;
				DEBUG_INFORMATION_FORMAT = dwarf;
				ENABLE_STRICT_OBJC_MSGSEND = YES;
				ENABLE_TESTABILITY = YES;
				GCC_C_LANGUAGE_STANDARD = gnu11;
				GCC_DYNAMIC_NO_PIC = NO;
				GCC_NO_COMMON_BLOCKS = YES;
				GCC_OPTIMIZATION_LEVEL = 0;
				GCC_PREPROCESSOR_DEFINITIONS = (
					"DEBUG=1",
					"$(inherited)",
				);
				GCC_WARN_64_TO_32_BIT_CONVERSION = YES;
				GCC_WARN_ABOUT_RETURN_TYPE = YES_ERROR;
				GCC_WARN_UNDECLARED_SELECTOR = YES;
				GCC_WARN_UNINITIALIZED_AUTOS = YES_AGGRESSIVE;
				GCC_WARN_UNUSED_FUNCTION = YES;
				GCC_WARN_UNUSED_VARIABLE = YES;
				IPHONEOS_DEPLOYMENT_TARGET = 13.0;
				MTL_ENABLE_DEBUG_INFO = INCLUDE_SOURCE;
				MTL_FAST_MATH = YES;
				ONLY_ACTIVE_ARCH = YES;
				SDKROOT = iphoneos;
				SWIFT_ACTIVE_COMPILATION_CONDITIONS = DEBUG;
				SWIFT_OPTIMIZATION_LEVEL = "-Onone";
			};
			name = Debug;
		};
		FF2FFB7B251BA17100156DF7 /* Release */ = {
			isa = XCBuildConfiguration;
			buildSettings = {
				ALWAYS_SEARCH_USER_PATHS = NO;
				CLANG_ANALYZER_NONNULL = YES;
				CLANG_ANALYZER_NUMBER_OBJECT_CONVERSION = YES_AGGRESSIVE;
				CLANG_CXX_LANGUAGE_STANDARD = "gnu++14";
				CLANG_CXX_LIBRARY = "libc++";
				CLANG_ENABLE_MODULES = YES;
				CLANG_ENABLE_OBJC_ARC = YES;
				CLANG_ENABLE_OBJC_WEAK = YES;
				CLANG_WARN_BLOCK_CAPTURE_AUTORELEASING = YES;
				CLANG_WARN_BOOL_CONVERSION = YES;
				CLANG_WARN_COMMA = YES;
				CLANG_WARN_CONSTANT_CONVERSION = YES;
				CLANG_WARN_DEPRECATED_OBJC_IMPLEMENTATIONS = YES;
				CLANG_WARN_DIRECT_OBJC_ISA_USAGE = YES_ERROR;
				CLANG_WARN_DOCUMENTATION_COMMENTS = YES;
				CLANG_WARN_EMPTY_BODY = YES;
				CLANG_WARN_ENUM_CONVERSION = YES;
				CLANG_WARN_INFINITE_RECURSION = YES;
				CLANG_WARN_INT_CONVERSION = YES;
				CLANG_WARN_NON_LITERAL_NULL_CONVERSION = YES;
				CLANG_WARN_OBJC_IMPLICIT_RETAIN_SELF = YES;
				CLANG_WARN_OBJC_LITERAL_CONVERSION = YES;
				CLANG_WARN_OBJC_ROOT_CLASS = YES_ERROR;
				CLANG_WARN_QUOTED_INCLUDE_IN_FRAMEWORK_HEADER = YES;
				CLANG_WARN_RANGE_LOOP_ANALYSIS = YES;
				CLANG_WARN_STRICT_PROTOTYPES = YES;
				CLANG_WARN_SUSPICIOUS_MOVE = YES;
				CLANG_WARN_UNGUARDED_AVAILABILITY = YES_AGGRESSIVE;
				CLANG_WARN_UNREACHABLE_CODE = YES;
				CLANG_WARN__DUPLICATE_METHOD_MATCH = YES;
				COPY_PHASE_STRIP = NO;
				DEBUG_INFORMATION_FORMAT = "dwarf-with-dsym";
				ENABLE_NS_ASSERTIONS = NO;
				ENABLE_STRICT_OBJC_MSGSEND = YES;
				GCC_C_LANGUAGE_STANDARD = gnu11;
				GCC_NO_COMMON_BLOCKS = YES;
				GCC_WARN_64_TO_32_BIT_CONVERSION = YES;
				GCC_WARN_ABOUT_RETURN_TYPE = YES_ERROR;
				GCC_WARN_UNDECLARED_SELECTOR = YES;
				GCC_WARN_UNINITIALIZED_AUTOS = YES_AGGRESSIVE;
				GCC_WARN_UNUSED_FUNCTION = YES;
				GCC_WARN_UNUSED_VARIABLE = YES;
				IPHONEOS_DEPLOYMENT_TARGET = 13.0;
				MTL_ENABLE_DEBUG_INFO = NO;
				MTL_FAST_MATH = YES;
				SDKROOT = iphoneos;
				SWIFT_COMPILATION_MODE = wholemodule;
				SWIFT_OPTIMIZATION_LEVEL = "-O";
				VALIDATE_PRODUCT = YES;
			};
			name = Release;
		};
		FF2FFB7D251BA17100156DF7 /* Debug */ = {
			isa = XCBuildConfiguration;
			buildSettings = {
				ASSETCATALOG_COMPILER_APPICON_NAME = AppIcon;
				ASSETCATALOG_COMPILER_GLOBAL_ACCENT_COLOR_NAME = AccentColor;
				CODE_SIGN_STYLE = Automatic;
				DEVELOPMENT_TEAM = FFM24X5V87;
				INFOPLIST_FILE = "CollectionView_TableView/Support Files/Info.plist";
				IPHONEOS_DEPLOYMENT_TARGET = 13.0;
				LD_RUNPATH_SEARCH_PATHS = (
					"$(inherited)",
					"@executable_path/Frameworks",
				);
				PRODUCT_BUNDLE_IDENTIFIER = "ngayvong.CollectionView-TableView";
				PRODUCT_NAME = "$(TARGET_NAME)";
				SWIFT_VERSION = 5.0;
				TARGETED_DEVICE_FAMILY = "1,2";
			};
			name = Debug;
		};
		FF2FFB7E251BA17100156DF7 /* Release */ = {
			isa = XCBuildConfiguration;
			buildSettings = {
				ASSETCATALOG_COMPILER_APPICON_NAME = AppIcon;
				ASSETCATALOG_COMPILER_GLOBAL_ACCENT_COLOR_NAME = AccentColor;
				CODE_SIGN_STYLE = Automatic;
				DEVELOPMENT_TEAM = FFM24X5V87;
				INFOPLIST_FILE = "CollectionView_TableView/Support Files/Info.plist";
				IPHONEOS_DEPLOYMENT_TARGET = 13.0;
				LD_RUNPATH_SEARCH_PATHS = (
					"$(inherited)",
					"@executable_path/Frameworks",
				);
				PRODUCT_BUNDLE_IDENTIFIER = "ngayvong.CollectionView-TableView";
				PRODUCT_NAME = "$(TARGET_NAME)";
				SWIFT_VERSION = 5.0;
				TARGETED_DEVICE_FAMILY = "1,2";
			};
			name = Release;
		};
/* End XCBuildConfiguration section */

/* Begin XCConfigurationList section */
		FF2FFB63251BA17100156DF7 /* Build configuration list for PBXProject "CollectionView_TableView" */ = {
			isa = XCConfigurationList;
			buildConfigurations = (
				FF2FFB7A251BA17100156DF7 /* Debug */,
				FF2FFB7B251BA17100156DF7 /* Release */,
			);
			defaultConfigurationIsVisible = 0;
			defaultConfigurationName = Release;
		};
		FF2FFB7C251BA17100156DF7 /* Build configuration list for PBXNativeTarget "CollectionView_TableView" */ = {
			isa = XCConfigurationList;
			buildConfigurations = (
				FF2FFB7D251BA17100156DF7 /* Debug */,
				FF2FFB7E251BA17100156DF7 /* Release */,
			);
			defaultConfigurationIsVisible = 0;
			defaultConfigurationName = Release;
		};
/* End XCConfigurationList section */
	};
	rootObject = FF2FFB60251BA17100156DF7 /* Project object */;
}
